
Microsoft Visual Studio Solution File, Format Version 12.00
# Visual Studio 15
VisualStudioVersion = 15.0.28010.0
MinimumVisualStudioVersion = 10.0.40219.1
Project("{FAE04EC0-301F-11D3-BF4B-00C04F79EFBC}") = "CriandoVariaveis", "CriandoVariaveis\CriandoVariaveis.csproj", "{360AE82E-512B-4531-AE9E-436EA8FF71B0}"
EndProject
Global
	GlobalSection(SolutionConfigurationPlatforms) = preSolution
		Debug|Any CPU = Debug|Any CPU
		Release|Any CPU = Release|Any CPU
	EndGlobalSection
	GlobalSection(ProjectConfigurationPlatforms) = postSolution
		{360AE82E-512B-4531-AE9E-436EA8FF71B0}.Debug|Any CPU.ActiveCfg = Debug|Any CPU
		{360AE82E-512B-4531-AE9E-436EA8FF71B0}.Debug|Any CPU.Build.0 = Debug|Any CPU
		{360AE82E-512B-4531-AE9E-436EA8FF71B0}.Release|Any CPU.ActiveCfg = Release|Any CPU
		{360AE82E-512B-4531-AE9E-436EA8FF71B0}.Release|Any CPU.Build.0 = Release|Any CPU
	EndGlobalSection
	GlobalSection(SolutionProperties) = preSolution
		HideSolutionNode = FALSE
	EndGlobalSection
	GlobalSection(ExtensibilityGlobals) = postSolution
		SolutionGuid = {ECD36FB3-D898-4FC9-88F0-5F0FB61392E5}
	EndGlobalSection
EndGlobal
